# Auto-generated by dotagents. Do not edit.
version = 1

[skills.agents-md]
source = "getsentry/skills"
resolved_url = "https://github.com/getsentry/skills.git"
resolved_path = ".agents/skills/agents-md"

[skills.blog-writing-guide]
source = "getsentry/skills"
resolved_url = "https://github.com/getsentry/skills.git"
resolved_path = ".agents/skills/blog-writing-guide"

[skills.brand-guidelines]
source = "getsentry/skills"
resolved_url = "https://github.com/getsentry/skills.git"
resolved_path = ".agents/skills/brand-guidelines"

[skills.claude-settings-audit]
source = "getsentry/skills"
resolved_url = "https://github.com/getsentry/skills.git"
resolved_path = ".agents/skills/claude-settings-audit"

[skills.code-review]
source = "getsentry/skills"
resolved_url = "https://github.com/getsentry/skills.git"
resolved_path = ".agents/skills/code-review"

[skills.code-simplifier]
source = "getsentry/skills"
resolved_url = "https://github.com/getsentry/skills.git"
resolved_path = ".agents/skills/code-simplifier"

[skills.commit]
source = "getsentry/skills"
resolved_url = "https://github.com/getsentry/skills.git"
resolved_path = ".agents/skills/commit"

[skills.create-pr]
source = "getsentry/skills"
resolved_url = "https://github.com/getsentry/skills.git"
resolved_path = ".agents/skills/create-pr"

[skills.django-access-review]
source = "getsentry/skills"
resolved_url = "https://github.com/getsentry/skills.git"
resolved_path = ".agents/skills/django-access-review"

[skills.django-perf-review]
source = "getsentry/skills"
resolved_url = "https://github.com/getsentry/skills.git"
resolved_path = ".agents/skills/django-perf-review"

[skills.doc-coauthoring]
source = "getsentry/skills"
resolved_url = "https://github.com/getsentry/skills.git"
resolved_path = ".agents/skills/doc-coauthoring"

[skills.find-bugs]
source = "getsentry/skills"
resolved_url = "https://github.com/getsentry/skills.git"
resolved_path = ".agents/skills/find-bugs"

[skills.gh-review-requests]
source = "getsentry/skills"
resolved_url = "https://github.com/getsentry/skills.git"
resolved_path = ".agents/skills/gh-review-requests"

[skills.iterate-pr]
source = "getsentry/skills"
resolved_url = "https://github.com/getsentry/skills.git"
resolved_path = ".agents/skills/iterate-pr"

[skills.security-review]
source = "getsentry/skills"
resolved_url = "https://github.com/getsentry/skills.git"
resolved_path = ".agents/skills/security-review"
commit = "187c0022b3b676f72227a04f1cfc8921a58a5020"
integrity = "sha256-/PngFJkQcji7nYQjh1yerMnxIBaEJNiClJJ8FuCGgAo="

[skills.skill-creator]
source = "getsentry/skills"
resolved_url = "https://github.com/getsentry/skills.git"
resolved_path = ".agents/skills/skill-creator"

[skills.skill-scanner]
source = "getsentry/skills"
resolved_url = "https://github.com/getsentry/skills.git"
resolved_path = ".agents/skills/skill-scanner"

[skills.sred-project-organizer]
source = "getsentry/skills"
resolved_url = "https://github.com/getsentry/skills.git"
resolved_path = ".agents/skills/sred-project-organizer"

[skills.sred-work-summary]
source = "getsentry/skills"
resolved_url = "https://github.com/getsentry/skills.git"
resolved_path = ".agents/skills/sred-work-summary"
commit = "187c0022b3b676f72227a04f1cfc8921a58a5020"
integrity = "sha256-pnc14+tLxKiEz1MSbO8Y+uM5+XOYLNF4XaDdtCsXtXQ="

[skills.warden]
source = "getsentry/warden"
resolved_url = "https://github.com/getsentry/warden.git"
resolved_path = "skills/warden"
commit = "a06b8e184d7662e0e86b8fc23fe46c5be20c5fc6"
integrity = "sha256-8RK1HNFGZ9yTe0GGVaATUPkBlksOWCvRzwrnVDyJKhU="

[skills.warden-sweep]
source = "getsentry/warden"
resolved_url = "https://github.com/getsentry/warden.git"
resolved_path = "skills/warden-sweep"
commit = "a06b8e184d7662e0e86b8fc23fe46c5be20c5fc6"
integrity = "sha256-wcCX6b5D8PADzcR5Teg77s3+nh1GUlVf7gKronVb0ko="
