# Auto-generated by dotagents. Do not edit.
version = 1

[skills.agents-md]
source = "getsentry/skills"
resolved_url = "https://github.com/getsentry/skills.git"
resolved_path = ".agents/skills/agents-md"
commit = "187c0022b3b676f72227a04f1cfc8921a58a5020"
integrity = "sha256-yYv5Hh88sCIYDc4IXIweB7rD8j1yHs+lZK0uib6s7xY="

[skills.brand-guidelines]
source = "getsentry/skills"
resolved_url = "https://github.com/getsentry/skills.git"
resolved_path = ".agents/skills/brand-guidelines"
commit = "187c0022b3b676f72227a04f1cfc8921a58a5020"
integrity = "sha256-OI4bxji4am79cV/3TNDVUfsnt6L2HBysG7epE4HFkVI="

[skills.claude-settings-audit]
source = "getsentry/skills"
resolved_url = "https://github.com/getsentry/skills.git"
resolved_path = ".agents/skills/claude-settings-audit"
commit = "187c0022b3b676f72227a04f1cfc8921a58a5020"
integrity = "sha256-KoWbFvgMmS7MP0v0fmzC3wBLawfY+9U+mmNEbjVVVPk="

[skills.code-review]
source = "getsentry/skills"
resolved_url = "https://github.com/getsentry/skills.git"
resolved_path = ".agents/skills/code-review"
commit = "187c0022b3b676f72227a04f1cfc8921a58a5020"
integrity = "sha256-EQagBxdNIvqA8Ugvd1fdagQTbR+TJLsV2W7D5jIHqzc="

[skills.code-simplifier]
source = "getsentry/skills"
resolved_url = "https://github.com/getsentry/skills.git"
resolved_path = ".agents/skills/code-simplifier"
commit = "187c0022b3b676f72227a04f1cfc8921a58a5020"
integrity = "sha256-PplG7pAg8buUE1Zj1xCFf4UwpUialPxWUD7qPtiZdKo="

[skills.commit]
source = "getsentry/skills"
resolved_url = "https://github.com/getsentry/skills.git"
resolved_path = ".agents/skills/commit"
commit = "187c0022b3b676f72227a04f1cfc8921a58a5020"
integrity = "sha256-EFbC0wiqzaiVLzfKi6aNSJukKYl36mb4qHW0wYooWxU="

[skills.create-pr]
source = "getsentry/skills"
resolved_url = "https://github.com/getsentry/skills.git"
resolved_path = ".agents/skills/create-pr"
commit = "187c0022b3b676f72227a04f1cfc8921a58a5020"
integrity = "sha256-ChCXKfikzmN8vzMKcER/TWVECVjP+cCsGrDheo+WL7k="

[skills.django-access-review]
source = "getsentry/skills"
resolved_url = "https://github.com/getsentry/skills.git"
resolved_path = ".agents/skills/django-access-review"
commit = "187c0022b3b676f72227a04f1cfc8921a58a5020"
integrity = "sha256-dvHDPK2C65i0HO4e3QnNXKmK7JJ4YV2EZ7L6+Dzeqmc="

[skills.django-perf-review]
source = "getsentry/skills"
resolved_url = "https://github.com/getsentry/skills.git"
resolved_path = ".agents/skills/django-perf-review"
commit = "187c0022b3b676f72227a04f1cfc8921a58a5020"
integrity = "sha256-6iuG0chDiGOKgP5m4zogEI8yJ9645LS+1oDf+ljQ8dg="

[skills.doc-coauthoring]
source = "getsentry/skills"
resolved_url = "https://github.com/getsentry/skills.git"
resolved_path = ".agents/skills/doc-coauthoring"
commit = "187c0022b3b676f72227a04f1cfc8921a58a5020"
integrity = "sha256-2Zqo3R+nY2ka3DHjGbWGHNHI2ZCujEpOlIlR/wAnEpU="

[skills.find-bugs]
source = "getsentry/skills"
resolved_url = "https://github.com/getsentry/skills.git"
resolved_path = ".agents/skills/find-bugs"
commit = "187c0022b3b676f72227a04f1cfc8921a58a5020"
integrity = "sha256-FWmCLdOj+x+XffiEg7Bx19drylVypeKz8me9OA757js="

[skills.gh-review-requests]
source = "getsentry/skills"
resolved_url = "https://github.com/getsentry/skills.git"
resolved_path = ".agents/skills/gh-review-requests"
commit = "187c0022b3b676f72227a04f1cfc8921a58a5020"
integrity = "sha256-5ogdx94jDPrMQhlpjajgpb470mxnWmxYzba8lzZGBzE="

[skills.iterate-pr]
source = "getsentry/skills"
resolved_url = "https://github.com/getsentry/skills.git"
resolved_path = ".agents/skills/iterate-pr"
commit = "187c0022b3b676f72227a04f1cfc8921a58a5020"
integrity = "sha256-55fOUUxjX6vntLGA11BPgVyKGtqFvb7lu9Q+hOUUBGo="

[skills.security-review]
source = "getsentry/skills"
resolved_url = "https://github.com/getsentry/skills.git"
resolved_path = ".agents/skills/security-review"
commit = "187c0022b3b676f72227a04f1cfc8921a58a5020"
integrity = "sha256-/PngFJkQcji7nYQjh1yerMnxIBaEJNiClJJ8FuCGgAo="

[skills.sentry-backend-bugs]
source = "getsentry/warden-sentry"
resolved_url = "https://github.com/getsentry/warden-sentry.git"
resolved_path = ".agents/skills/sentry-backend-bugs"
commit = "5725398354adab7ee8c55149801c829e938c4523"
integrity = "sha256-M50V1m2DOK6EkNe3PN6Oek9XUpYSQ51uLGDQzun/s7U="

[skills.sentry-javascript-bugs]
source = "getsentry/warden-sentry"
resolved_url = "https://github.com/getsentry/warden-sentry.git"
resolved_path = ".agents/skills/sentry-javascript-bugs"
commit = "5725398354adab7ee8c55149801c829e938c4523"
integrity = "sha256-GZGOlxDC64BRcqMSd6P0BT+EY2JvkqdvAxZW/XfIBH0="

[skills.skill-creator]
source = "getsentry/skills"
resolved_url = "https://github.com/getsentry/skills.git"
resolved_path = ".agents/skills/skill-creator"
commit = "187c0022b3b676f72227a04f1cfc8921a58a5020"
integrity = "sha256-cwime8dg09zRSkfbnBU4ObFPofjGigXCmDNvpNL7NNY="

[skills.skill-scanner]
source = "getsentry/skills"
resolved_url = "https://github.com/getsentry/skills.git"
resolved_path = ".agents/skills/skill-scanner"
commit = "187c0022b3b676f72227a04f1cfc8921a58a5020"
integrity = "sha256-IleKDxGpne+9g/048+q4wBv7MkfZPIYFX78TnLjeGyQ="

[skills.sred-project-organizer]
source = "getsentry/skills"
resolved_url = "https://github.com/getsentry/skills.git"
resolved_path = ".agents/skills/sred-project-organizer"
commit = "187c0022b3b676f72227a04f1cfc8921a58a5020"
integrity = "sha256-EQ1hkqEjBwH8AwEwSQeiSEgLLIIqzBrJBfsER5YoebE="

[skills.sred-work-summary]
source = "getsentry/skills"
resolved_url = "https://github.com/getsentry/skills.git"
resolved_path = ".agents/skills/sred-work-summary"
commit = "187c0022b3b676f72227a04f1cfc8921a58a5020"
integrity = "sha256-pnc14+tLxKiEz1MSbO8Y+uM5+XOYLNF4XaDdtCsXtXQ="

[skills.warden-lint-judge]
source = "getsentry/skills"
resolved_url = "https://github.com/getsentry/skills.git"
resolved_path = ".agents/skills/warden-lint-judge"
commit = "187c0022b3b676f72227a04f1cfc8921a58a5020"
integrity = "sha256-rxB3p7zQ9iWwMoOOXOd9DG+9WsAKXV7emaBlHn9ry4o="
