{
  "nodes": {
    "nixpkgs": {
      "locked": {
        "lastModified": 1692587767,
        "narHash": "sha256-J1ZaJEWgUoT4zfNnhKukYLjel67bQyNHL1FqQ/kqCLo=",
        "owner": "NixOS",
        "repo": "nixpkgs",
        "rev": "57492e92b9829946d866b700c101d9a5cc8d749e",
        "type": "github"
      },
      "original": {
        "owner": "NixOS",
        "ref": "release-23.05",
        "repo": "nixpkgs",
        "type": "github"
      }
    },
    "root": {
      "inputs": {
        "nixpkgs": "nixpkgs"
      }
    }
  },
  "root": "root",
  "version": 7
}
