# THIS IS AN AUTOGENERATED FILE. DO NOT EDIT THIS FILE DIRECTLY.
# yarn lockfile v1


"@apidevtools/json-schema-ref-parser@9.0.9":
  version "9.0.9"
  resolved "https://registry.npmjs.org/@apidevtools/json-schema-ref-parser/-/json-schema-ref-parser-9.0.9.tgz"
  integrity sha512-GBD2Le9w2+lVFoc4vswGI/TjkNIZSVp7+9xPf+X3uidBfWnAeUWmquteSyt0+VCrhNMWj/FTABISQrD3Z/YA+w==
  dependencies:
    "@jsdevtools/ono" "^7.1.3"
    "@types/json-schema" "^7.0.6"
    call-me-maybe "^1.0.1"
    js-yaml "^4.1.0"

"@cspotcode/source-map-consumer@0.8.0":
  version "0.8.0"
  resolved "https://registry.npmjs.org/@cspotcode/source-map-consumer/-/source-map-consumer-0.8.0.tgz"
  integrity sha512-41qniHzTU8yAGbCp04ohlmSrZf8bkf/iJsl3V0dRGsQN/5GFfx+LbCSsCpp2gqrqjTVg/K6O8ycoV35JIwAzAg==

"@cspotcode/source-map-support@0.7.0":
  version "0.7.0"
  resolved "https://registry.npmjs.org/@cspotcode/source-map-support/-/source-map-support-0.7.0.tgz"
  integrity sha512-X4xqRHqN8ACt2aHVe51OxeA2HjbcL4MqFqXkrmQszJ1NOUuUu5u6Vqx/0lZSVNku7velL5FC/s5uEAj1lsBMhA==
  dependencies:
    "@cspotcode/source-map-consumer" "0.8.0"

"@jsdevtools/ono@^7.1.3":
  version "7.1.3"
  resolved "https://registry.npmjs.org/@jsdevtools/ono/-/ono-7.1.3.tgz"
  integrity sha512-4JQNk+3mVzK3xh2rqd6RB4J46qUR19azEHBneZyTZM+c456qOrbbM/5xcR8huNCCcbVt7+UmizG6GuUvPvKUYg==

"@tsconfig/node10@^1.0.7":
  version "1.0.8"
  resolved "https://registry.npmjs.org/@tsconfig/node10/-/node10-1.0.8.tgz"
  integrity sha512-6XFfSQmMgq0CFLY1MslA/CPUfhIL919M1rMsa5lP2P097N2Wd1sSX0tx1u4olM16fLNhtHZpRhedZJphNJqmZg==

"@tsconfig/node12@^1.0.7":
  version "1.0.9"
  resolved "https://registry.npmjs.org/@tsconfig/node12/-/node12-1.0.9.tgz"
  integrity sha512-/yBMcem+fbvhSREH+s14YJi18sp7J9jpuhYByADT2rypfajMZZN4WQ6zBGgBKp53NKmqI36wFYDb3yaMPurITw==

"@tsconfig/node14@^1.0.0":
  version "1.0.1"
  resolved "https://registry.npmjs.org/@tsconfig/node14/-/node14-1.0.1.tgz"
  integrity sha512-509r2+yARFfHHE7T6Puu2jjkoycftovhXRqW328PDXTVGKihlb1P8Z9mMZH04ebyajfRY7dedfGynlrFHJUQCg==

"@tsconfig/node16@^1.0.2":
  version "1.0.2"
  resolved "https://registry.npmjs.org/@tsconfig/node16/-/node16-1.0.2.tgz"
  integrity sha512-eZxlbI8GZscaGS7kkc/trHTT5xgrjH3/1n2JDwusC9iahPKWMRvRjJSAN5mCXviuTGQ/lHnhvv8Q1YTpnfz9gA==

"@types/js-yaml@^4.0.5":
  version "4.0.5"
  resolved "https://registry.npmjs.org/@types/js-yaml/-/js-yaml-4.0.5.tgz"
  integrity sha512-FhpRzf927MNQdRZP0J5DLIdTXhjLYzeUTmLAu69mnVksLH9CJY3IuSeEgbKUki7GQZm0WqDkGzyxju2EZGD2wA==

"@types/json-diff@^0.7.0":
  version "0.7.0"
  resolved "https://registry.npmjs.org/@types/json-diff/-/json-diff-0.7.0.tgz"
  integrity sha512-20IJqupGHywtIaE6fS30iygh3dVqVdzmsnrYn/VFuRaQKxLx/RGH5K9hhCfctVxgN7KzJlnD7gYFAOrNwiCgtA==

"@types/json-schema@^7.0.6":
  version "7.0.9"
  resolved "https://registry.npmjs.org/@types/json-schema/-/json-schema-7.0.9.tgz"
  integrity sha512-qcUXuemtEu+E5wZSJHNxUXeCZhAfXKQ41D+duX+VYPde7xyEVZci+/oXKJL13tnRs9lR2pr4fod59GT6/X1/yQ==

acorn-walk@^8.1.1:
  version "8.2.0"
  resolved "https://registry.npmjs.org/acorn-walk/-/acorn-walk-8.2.0.tgz"
  integrity sha512-k+iyHEuPgSw6SbuDpGQM+06HQUa04DZ3o+F6CSzXMvvI5KMvnaEqXe+YVe555R9nn6GPt404fos4wcgpw12SDA==

acorn@^8.4.1:
  version "8.7.0"
  resolved "https://registry.npmjs.org/acorn/-/acorn-8.7.0.tgz"
  integrity sha512-V/LGr1APy+PXIwKebEWrkZPwoeoF+w1jiOBUmuxuiUIaOHtob8Qc9BTrYo7VuI5fR8tqsy+buA2WFooR5olqvQ==

ajv-oai@1.2.1:
  version "1.2.1"
  resolved "https://registry.npmjs.org/ajv-oai/-/ajv-oai-1.2.1.tgz"
  integrity sha512-gj7dnSdLyjWKid3uQI16u5wQNpkyqivjtCuvI4BWezeOzYTj5YHt4otH9GOBCaXY3FEbzQeWsp6C2qc18+BXDA==
  dependencies:
    decimal.js "^10.2.0"

ajv@^6.12.6:
  version "6.12.6"
  resolved "https://registry.npmjs.org/ajv/-/ajv-6.12.6.tgz"
  integrity sha512-j3fVLgvTo527anyYyJOGTYJbG+vnnQYvE0m5mmkc1TK+nxAppkCLMIL0aZ4dblVCNoGShhm+kzE4ZUykBoMg4g==
  dependencies:
    fast-deep-equal "^3.1.1"
    fast-json-stable-stringify "^2.0.0"
    json-schema-traverse "^0.4.1"
    uri-js "^4.2.2"

arg@^4.1.0:
  version "4.1.3"
  resolved "https://registry.npmjs.org/arg/-/arg-4.1.3.tgz"
  integrity sha512-58S9QDqG0Xx27YwPSt9fJxivjYl432YCwfDMfZ+71RAqUrZef7LrKQZ3LHLOwCS4FLNBplP533Zx895SeOCHvA==

argparse@^1.0.7:
  version "1.0.10"
  resolved "https://registry.npmjs.org/argparse/-/argparse-1.0.10.tgz"
  integrity sha512-o5Roy6tNG4SL/FOkCAN6RzjiakZS25RLYFrcMttJqbdd8BWrnA+fGz57iN5Pb06pvBGvl5gQ0B48dJlslXvoTg==
  dependencies:
    sprintf-js "~1.0.2"

argparse@^2.0.1:
  version "2.0.1"
  resolved "https://registry.npmjs.org/argparse/-/argparse-2.0.1.tgz"
  integrity sha512-8+9WqebbFzpX9OR+Wa6O29asIogeRMzcGtAINdpMHHyAg10f05aSFVBbcEqGf/PXw1EjAZ+q2/bEBg3DvurK3Q==

asynckit@^0.4.0:
  version "0.4.0"
  resolved "https://registry.npmjs.org/asynckit/-/asynckit-0.4.0.tgz"
  integrity sha1-x57Zf380y48robyXkLzDZkdLS3k=

balanced-match@^1.0.0:
  version "1.0.2"
  resolved "https://registry.npmjs.org/balanced-match/-/balanced-match-1.0.2.tgz"
  integrity sha512-3oSeUO0TMV67hN1AmbXsK4yaqU7tjiHlbxRDZOpH0KW9+CeX4bRAaX0Anxt0tx2MrpRpWwQaPwIlISEJhYU5Pw==

brace-expansion@^1.1.7:
  version "1.1.11"
  resolved "https://registry.npmjs.org/brace-expansion/-/brace-expansion-1.1.11.tgz"
  integrity sha512-iCuPHDFgrHX7H2vEI/5xpz07zSHB00TpugqhmYtVmMO6518mCuRMoOYFldEBl0g187ufozdaHgWKcYFb61qGiA==
  dependencies:
    balanced-match "^1.0.0"
    concat-map "0.0.1"

call-bind@^1.0.0:
  version "1.0.2"
  resolved "https://registry.npmjs.org/call-bind/-/call-bind-1.0.2.tgz"
  integrity sha512-7O+FbCihrB5WGbFYesctwmTKae6rOiIzmz1icreWJ+0aA7LJfuqhEso2T9ncpcFtzMQtzXf2QGGueWJGTYsqrA==
  dependencies:
    function-bind "^1.1.1"
    get-intrinsic "^1.0.2"

call-me-maybe@^1.0.1:
  version "1.0.1"
  resolved "https://registry.npmjs.org/call-me-maybe/-/call-me-maybe-1.0.1.tgz"
  integrity sha1-JtII6onje1y95gJQoV8DHBak1ms=

cli-color@^2.0.0:
  version "2.0.1"
  resolved "https://registry.npmjs.org/cli-color/-/cli-color-2.0.1.tgz"
  integrity sha512-eBbxZF6fqPUNnf7CLAFOersUnyYzv83tHFLSlts+OAHsNendaqv2tHCq+/MO+b3Y+9JeoUlIvobyxG/Z8GNeOg==
  dependencies:
    d "^1.0.1"
    es5-ext "^0.10.53"
    es6-iterator "^2.0.3"
    memoizee "^0.4.15"
    timers-ext "^0.1.7"

combined-stream@^1.0.6:
  version "1.0.8"
  resolved "https://registry.npmjs.org/combined-stream/-/combined-stream-1.0.8.tgz"
  integrity sha512-FQN4MRfuJeHf7cBbBMJFXhKSDq+2kAArBlmRBvcvFE5BB1HZKXtSFASDhdlz9zOYwxh8lDdnvmMOe/+5cdoEdg==
  dependencies:
    delayed-stream "~1.0.0"

commander@^6.2.1:
  version "6.2.1"
  resolved "https://registry.npmjs.org/commander/-/commander-6.2.1.tgz"
  integrity sha512-U7VdrJFnJgo4xjrHpTzu0yrHPGImdsmD95ZlgYSEajAn2JKzDhDTPG9kBTefmObL2w/ngeZnilk+OV9CG3d7UA==

commander@~4.1.1:
  version "4.1.1"
  resolved "https://registry.npmjs.org/commander/-/commander-4.1.1.tgz"
  integrity sha512-NOKm8xhkzAjzFx8B2v5OAHT+u5pRQc2UCa2Vq9jYL/31o2wi9mxBA7LIFs3sV5VSC49z6pEhfbMULvShKj26WA==

component-emitter@^1.2.0:
  version "1.3.0"
  resolved "https://registry.npmjs.org/component-emitter/-/component-emitter-1.3.0.tgz"
  integrity sha512-Rd3se6QB+sO1TwqZjscQrurpEPIfO0/yYnSin6Q/rD3mOutHvUrCAhJub3r90uNb+SESBuE0QYoB90YdfatsRg==

concat-map@0.0.1:
  version "0.0.1"
  resolved "https://registry.npmjs.org/concat-map/-/concat-map-0.0.1.tgz"
  integrity sha1-2Klr13/Wjfd5OnMDajug1UBdR3s=

cookiejar@^2.1.0:
  version "2.1.3"
  resolved "https://registry.npmjs.org/cookiejar/-/cookiejar-2.1.3.tgz"
  integrity sha512-JxbCBUdrfr6AQjOXrxoTvAMJO4HBTUIlBzslcJPAz+/KT8yk53fXun51u+RenNYvad/+Vc2DIz5o9UxlCDymFQ==

core-util-is@~1.0.0:
  version "1.0.3"
  resolved "https://registry.npmjs.org/core-util-is/-/core-util-is-1.0.3.tgz"
  integrity sha512-ZQBvi1DcpJ4GDqanjucZ2Hj3wEO5pZDS89BWbkcrvdxksJorwUDDZamX9ldFkp9aw2lmBDLgkObEA4DWNJ9FYQ==

create-require@^1.1.0:
  version "1.1.1"
  resolved "https://registry.npmjs.org/create-require/-/create-require-1.1.1.tgz"
  integrity sha512-dcKFX3jn0MpIaXjisoRvexIJVEKzaq7z2rZKxf+MSr9TkdmHmsU4m2lcLojrj/FHl8mk5VxMmYA+ftRkP/3oKQ==

d@1, d@^1.0.1:
  version "1.0.1"
  resolved "https://registry.npmjs.org/d/-/d-1.0.1.tgz"
  integrity sha512-m62ShEObQ39CfralilEQRjH6oAMtNCV1xJyEx5LpRYUVN+EviphDgUc/F3hnYbADmkiNs67Y+3ylmlG7Lnu+FA==
  dependencies:
    es5-ext "^0.10.50"
    type "^1.0.1"

debug@^3.1.0:
  version "3.2.7"
  resolved "https://registry.npmjs.org/debug/-/debug-3.2.7.tgz"
  integrity sha512-CFjzYYAi4ThfiQvizrFQevTTXHtnCqWfe7x1AhgEscTz6ZbLbfoLRLPugTQyBth6f8ZERVUSyWHFD/7Wu4t1XQ==
  dependencies:
    ms "^2.1.1"

decimal.js@^10.2.0:
  version "10.3.1"
  resolved "https://registry.npmjs.org/decimal.js/-/decimal.js-10.3.1.tgz"
  integrity sha512-V0pfhfr8suzyPGOx3nmq4aHqabehUZn6Ch9kyFpV79TGDTWFmHqUqXdabR7QHqxzrYolF4+tVmJhUG4OURg5dQ==

delayed-stream@~1.0.0:
  version "1.0.0"
  resolved "https://registry.npmjs.org/delayed-stream/-/delayed-stream-1.0.0.tgz"
  integrity sha1-3zrhmayt+31ECqrgsp4icrJOxhk=

diff@^4.0.1:
  version "4.0.2"
  resolved "https://registry.npmjs.org/diff/-/diff-4.0.2.tgz"
  integrity sha512-58lmxKSA4BNyLz+HHMUzlOEpg09FV+ev6ZMe3vJihgdxzgcwZ8VoEEPmALCZG9LmqfVoNMMKpttIYTVG6uDY7A==

difflib@~0.2.1:
  version "0.2.4"
  resolved "https://registry.npmjs.org/difflib/-/difflib-0.2.4.tgz"
  integrity sha1-teMDYabbAjF21WKJLbhZQKcY9H4=
  dependencies:
    heap ">= 0.2.0"

dreamopt@~0.8.0:
  version "0.8.0"
  resolved "https://registry.npmjs.org/dreamopt/-/dreamopt-0.8.0.tgz"
  integrity sha1-W8yAvnCX5F/EicNCQFq2gUCowdk=
  dependencies:
    wordwrap ">=0.0.2"

errno@^1.0.0:
  version "1.0.0"
  resolved "https://registry.npmjs.org/errno/-/errno-1.0.0.tgz"
  integrity sha512-3zV5mFS1E8/1bPxt/B0xxzI1snsg3uSCIh6Zo1qKg6iMw93hzPANk9oBFzSFBFrwuVoQuE3rLoouAUfwOAj1wQ==
  dependencies:
    prr "~1.0.1"

es5-ext@^0.10.35, es5-ext@^0.10.46, es5-ext@^0.10.50, es5-ext@^0.10.53, es5-ext@~0.10.14, es5-ext@~0.10.2, es5-ext@~0.10.46:
  version "0.10.53"
  resolved "https://registry.npmjs.org/es5-ext/-/es5-ext-0.10.53.tgz"
  integrity sha512-Xs2Stw6NiNHWypzRTY1MtaG/uJlwCk8kH81920ma8mvN8Xq1gsfhZvpkImLQArw8AHnv8MT2I45J3c0R8slE+Q==
  dependencies:
    es6-iterator "~2.0.3"
    es6-symbol "~3.1.3"
    next-tick "~1.0.0"

es6-iterator@^2.0.3, es6-iterator@~2.0.3:
  version "2.0.3"
  resolved "https://registry.npmjs.org/es6-iterator/-/es6-iterator-2.0.3.tgz"
  integrity sha1-p96IkUGgWpSwhUQDstCg+/qY87c=
  dependencies:
    d "1"
    es5-ext "^0.10.35"
    es6-symbol "^3.1.1"

es6-symbol@^3.1.1, es6-symbol@~3.1.3:
  version "3.1.3"
  resolved "https://registry.npmjs.org/es6-symbol/-/es6-symbol-3.1.3.tgz"
  integrity sha512-NJ6Yn3FuDinBaBRWl/q5X/s4koRHBrgKAu+yGI6JCBeiu3qrcbJhwT2GeR/EXVfylRk8dpQVJoLEFhK+Mu31NA==
  dependencies:
    d "^1.0.1"
    ext "^1.1.2"

es6-weak-map@^2.0.3:
  version "2.0.3"
  resolved "https://registry.npmjs.org/es6-weak-map/-/es6-weak-map-2.0.3.tgz"
  integrity sha512-p5um32HOTO1kP+w7PRnB+5lQ43Z6muuMuIMffvDN8ZB4GcnjLBV6zGStpbASIMk4DCAvEaamhe2zhyCb/QXXsA==
  dependencies:
    d "1"
    es5-ext "^0.10.46"
    es6-iterator "^2.0.3"
    es6-symbol "^3.1.1"

esprima@^4.0.0:
  version "4.0.1"
  resolved "https://registry.npmjs.org/esprima/-/esprima-4.0.1.tgz"
  integrity sha512-eGuFFw7Upda+g4p+QHvnW0RyTX/SVeJBDM/gCtMARO0cLuT2HcEKnTPvhjV6aGeqrCB/sbNop0Kszm0jsaWU4A==

event-emitter@^0.3.5:
  version "0.3.5"
  resolved "https://registry.npmjs.org/event-emitter/-/event-emitter-0.3.5.tgz"
  integrity sha1-34xp7vFkeSPHFXuc6DhAYQsCzDk=
  dependencies:
    d "1"
    es5-ext "~0.10.14"

ext@^1.1.2:
  version "1.6.0"
  resolved "https://registry.npmjs.org/ext/-/ext-1.6.0.tgz"
  integrity sha512-sdBImtzkq2HpkdRLtlLWDa6w4DX22ijZLKx8BMPUuKe1c5lbN6xwQDQCxSfxBQnHZ13ls/FH0MQZx/q/gr6FQg==
  dependencies:
    type "^2.5.0"

extend@^3.0.0:
  version "3.0.2"
  resolved "https://registry.npmjs.org/extend/-/extend-3.0.2.tgz"
  integrity sha512-fjquC59cD7CyW6urNXK0FBufkZcoiGG80wTuPujX590cB5Ttln20E2UB4S/WARVqhXffZl2LNgS+gQdPIIim/g==

fast-deep-equal@^3.1.1:
  version "3.1.3"
  resolved "https://registry.npmjs.org/fast-deep-equal/-/fast-deep-equal-3.1.3.tgz"
  integrity sha512-f3qQ9oQy9j2AhBe/H9VC91wLmKBCCU/gDOnKNAYG5hswO7BLKj09Hc5HYNz9cGI++xlpDCIgDaitVs03ATR84Q==

fast-json-stable-stringify@^2.0.0:
  version "2.1.0"
  resolved "https://registry.npmjs.org/fast-json-stable-stringify/-/fast-json-stable-stringify-2.1.0.tgz"
  integrity sha512-lhd/wF+Lk98HZoTCtlVraHtfh5XYijIjalXck7saUtuanSDyLMxnHhSXEDJqHxD7msR8D0uCmqlkwjCV8xvwHw==

foreach@^2.0.4:
  version "2.0.5"
  resolved "https://registry.npmjs.org/foreach/-/foreach-2.0.5.tgz"
  integrity sha1-C+4AUBiusmDQo6865ljdATbsG5k=

form-data@^2.3.1:
  version "2.5.1"
  resolved "https://registry.npmjs.org/form-data/-/form-data-2.5.1.tgz"
  integrity sha512-m21N3WOmEEURgk6B9GLOE4RuWOFf28Lhh9qGYeNlGq4VDXUlJy2th2slBNU8Gp8EzloYZOibZJ7t5ecIrFSjVA==
  dependencies:
    asynckit "^0.4.0"
    combined-stream "^1.0.6"
    mime-types "^2.1.12"

formidable@^1.2.0:
  version "1.2.6"
  resolved "https://registry.npmjs.org/formidable/-/formidable-1.2.6.tgz"
  integrity sha512-KcpbcpuLNOwrEjnbpMC0gS+X8ciDoZE1kkqzat4a8vrprf+s9pKNQ/QIwWfbfs4ltgmFl3MD177SNTkve3BwGQ==

fs.realpath@^1.0.0:
  version "1.0.0"
  resolved "https://registry.npmjs.org/fs.realpath/-/fs.realpath-1.0.0.tgz"
  integrity sha1-FQStJSMVjKpA20onh8sBQRmU6k8=

function-bind@^1.1.1:
  version "1.1.1"
  resolved "https://registry.npmjs.org/function-bind/-/function-bind-1.1.1.tgz"
  integrity sha512-yIovAzMX49sF8Yl58fSCWJ5svSLuaibPxXQJFLmBObTuCr0Mf1KiPopGM9NiFjiYBCbfaa2Fh6breQ6ANVTI0A==

get-intrinsic@^1.0.2:
  version "1.1.1"
  resolved "https://registry.npmjs.org/get-intrinsic/-/get-intrinsic-1.1.1.tgz"
  integrity sha512-kWZrnVM42QCiEA2Ig1bG8zjoIMOgxWwYCEeNdwY6Tv/cOSeGpcoX4pXHfKUxNKVoArnrEr2e9srnAxxGIraS9Q==
  dependencies:
    function-bind "^1.1.1"
    has "^1.0.3"
    has-symbols "^1.0.1"

glob@^7.2.0:
  version "7.2.0"
  resolved "https://registry.npmjs.org/glob/-/glob-7.2.0.tgz"
  integrity sha512-lmLf6gtyrPq8tTjSmrO94wBeQbFR3HbLHbuyD69wuyQkImp2hWqMGB47OX65FBkPffO641IP9jWa1z4ivqG26Q==
  dependencies:
    fs.realpath "^1.0.0"
    inflight "^1.0.4"
    inherits "2"
    minimatch "^3.0.4"
    once "^1.3.0"
    path-is-absolute "^1.0.0"

graphlib@^2.1.8:
  version "2.1.8"
  resolved "https://registry.npmjs.org/graphlib/-/graphlib-2.1.8.tgz"
  integrity sha512-jcLLfkpoVGmH7/InMC/1hIvOPSUh38oJtGhvrOFGzioE1DZ+0YW16RgmOJhHiuWTvGiJQ9Z1Ik43JvkRPRvE+A==
  dependencies:
    lodash "^4.17.15"

has-symbols@^1.0.1:
  version "1.0.3"
  resolved "https://registry.npmjs.org/has-symbols/-/has-symbols-1.0.3.tgz"
  integrity sha512-l3LCuF6MgDNwTDKkdYGEihYjt5pRPbEg46rtlmnSPlUbgmB8LOIrKJbYYFBSbnPaJexMKtiPO8hmeRjRz2Td+A==

has@^1.0.3:
  version "1.0.3"
  resolved "https://registry.npmjs.org/has/-/has-1.0.3.tgz"
  integrity sha512-f2dvO0VU6Oej7RkWJGrehjbzMAjFp5/VKPp5tTpWIV4JHHZK1/BxbFRtf/siA2SWTe09caDmVtYYzWEIbBS4zw==
  dependencies:
    function-bind "^1.1.1"

"heap@>= 0.2.0":
  version "0.2.7"
  resolved "https://registry.npmjs.org/heap/-/heap-0.2.7.tgz"
  integrity sha512-2bsegYkkHO+h/9MGbn6KWcE45cHZgPANo5LXF7EvWdT0yT2EguSVO1nDgU5c8+ZOPwp2vMNa7YFsJhVcDR9Sdg==

inflight@^1.0.4:
  version "1.0.6"
  resolved "https://registry.npmjs.org/inflight/-/inflight-1.0.6.tgz"
  integrity sha1-Sb1jMdfQLQwJvJEKEHW6gWW1bfk=
  dependencies:
    once "^1.3.0"
    wrappy "1"

inherits@2, inherits@~2.0.3:
  version "2.0.4"
  resolved "https://registry.npmjs.org/inherits/-/inherits-2.0.4.tgz"
  integrity sha512-k/vGaX4/Yla3WzyMCvTQOXYeIHvqOKtnqBduzTHpzpQZzAskKMhZ2K+EnBiSM9zGSoIFeMpXKxa4dYeZIQqewQ==

is-promise@^2.2.2:
  version "2.2.2"
  resolved "https://registry.npmjs.org/is-promise/-/is-promise-2.2.2.tgz"
  integrity sha512-+lP4/6lKUBfQjZ2pdxThZvLUAafmZb8OAxFb8XXtiQmS35INgr85hdOGoEs124ez1FCnZJt6jau/T+alh58QFQ==

isarray@~1.0.0:
  version "1.0.0"
  resolved "https://registry.npmjs.org/isarray/-/isarray-1.0.0.tgz"
  integrity sha1-u5NdSFgsuhaMBoNJV6VKPgcSTxE=

js-yaml@^3.13.1, js-yaml@^3.14.0:
  version "3.14.1"
  resolved "https://registry.npmjs.org/js-yaml/-/js-yaml-3.14.1.tgz"
  integrity sha512-okMH7OXXJ7YrN9Ok3/SXrnu4iX9yOk+25nqX4imS2npuvTYDmo/QEZoqwZkYaIDk3jVvBOTOIEgEhaLOynBS9g==
  dependencies:
    argparse "^1.0.7"
    esprima "^4.0.0"

js-yaml@^4.1.0:
  version "4.1.0"
  resolved "https://registry.npmjs.org/js-yaml/-/js-yaml-4.1.0.tgz"
  integrity sha512-wpxZs9NoxZaJESJGIZTyDEaYpl0FKSA+FB9aJiyemKhMwkxQg63h4T1KJgUGHpTqPDNRcmmYLugrRjJlBtWvRA==
  dependencies:
    argparse "^2.0.1"

json-diff@^0.7.1:
  version "0.7.1"
  resolved "https://registry.npmjs.org/json-diff/-/json-diff-0.7.1.tgz"
  integrity sha512-/LxjcgeDIZwFB1HHTShKAYs2NaxAgwUQjXKvrFLDvw3KqvbffFmy5ZeeamxoSLgQG89tRs9+CFKiR3lJAPPhDw==
  dependencies:
    cli-color "^2.0.0"
    difflib "~0.2.1"
    dreamopt "~0.8.0"

json-pointer@0.6.1:
  version "0.6.1"
  resolved "https://registry.npmjs.org/json-pointer/-/json-pointer-0.6.1.tgz"
  integrity sha512-3OvjqKdCBvH41DLpV4iSt6v2XhZXV1bPB4OROuknvUXI7ZQNofieCPkmE26stEJ9zdQuvIxDHCuYhfgxFAAs+Q==
  dependencies:
    foreach "^2.0.4"

json-refs@^3.0.15:
  version "3.0.15"
  resolved "https://registry.npmjs.org/json-refs/-/json-refs-3.0.15.tgz"
  integrity sha512-0vOQd9eLNBL18EGl5yYaO44GhixmImes2wiYn9Z3sag3QnehWrYWlB9AFtMxCL2Bj3fyxgDYkxGFEU/chlYssw==
  dependencies:
    commander "~4.1.1"
    graphlib "^2.1.8"
    js-yaml "^3.13.1"
    lodash "^4.17.15"
    native-promise-only "^0.8.1"
    path-loader "^1.0.10"
    slash "^3.0.0"
    uri-js "^4.2.2"

json-schema-ref-parser@^9.0.9:
  version "9.0.9"
  resolved "https://registry.npmjs.org/json-schema-ref-parser/-/json-schema-ref-parser-9.0.9.tgz"
  integrity sha512-qcP2lmGy+JUoQJ4DOQeLaZDqH9qSkeGCK3suKWxJXS82dg728Mn3j97azDMaOUmJAN4uCq91LdPx4K7E8F1a7Q==
  dependencies:
    "@apidevtools/json-schema-ref-parser" "9.0.9"

json-schema-traverse@^0.4.1:
  version "0.4.1"
  resolved "https://registry.npmjs.org/json-schema-traverse/-/json-schema-traverse-0.4.1.tgz"
  integrity sha512-xbbCH5dCYU5T8LcEhhuh7HJ88HXuW3qsI3Y0zOZFKfZEHcpWiHU/Jxzk629Brsab/mMiHQti9wMP+845RPe3Vg==

jsonpath-plus@^6.0.1:
  version "6.0.1"
  resolved "https://registry.npmjs.org/jsonpath-plus/-/jsonpath-plus-6.0.1.tgz"
  integrity sha512-EvGovdvau6FyLexFH2OeXfIITlgIbgZoAZe3usiySeaIDm5QS+A10DKNpaPBBqqRSZr2HN6HVNXxtwUAr2apEw==

lodash.clonedeep@^4.5.0:
  version "4.5.0"
  resolved "https://registry.npmjs.org/lodash.clonedeep/-/lodash.clonedeep-4.5.0.tgz"
  integrity sha1-4j8/nE+Pvd6HJSnBBxhXoIblzO8=

lodash.flatmap@^4.5.0:
  version "4.5.0"
  resolved "https://registry.npmjs.org/lodash.flatmap/-/lodash.flatmap-4.5.0.tgz"
  integrity sha1-74y/QI9uSCaGYzRTBcaswLd4cC4=

lodash.flatten@^4.4.0:
  version "4.4.0"
  resolved "https://registry.npmjs.org/lodash.flatten/-/lodash.flatten-4.4.0.tgz"
  integrity sha1-8xwiIlqWMtK7+OSt2+8kCqdlph8=

lodash.merge@^4.6.2:
  version "4.6.2"
  resolved "https://registry.npmjs.org/lodash.merge/-/lodash.merge-4.6.2.tgz"
  integrity sha512-0KpjqXRVvrYyCsX1swR/XTK0va6VQkQM6MNo7PqW77ByjAhoARA8EfrP1N4+KlKj8YS0ZUCtRT/YUuhyYDujIQ==

lodash@^4.17.15:
  version "4.17.21"
  resolved "https://registry.npmjs.org/lodash/-/lodash-4.17.21.tgz"
  integrity sha512-v2kDEe57lecTulaDIuNTPy3Ry4gLGJ6Z1O3vE1krgXZNrsQ+LFTGHVxVjcXPs17LhbZVGedAJv8XZ1tvj5FvSg==

lru-queue@^0.1.0:
  version "0.1.0"
  resolved "https://registry.npmjs.org/lru-queue/-/lru-queue-0.1.0.tgz"
  integrity sha1-Jzi9nw089PhEkMVzbEhpmsYyzaM=
  dependencies:
    es5-ext "~0.10.2"

make-error@^1.1.1:
  version "1.3.6"
  resolved "https://registry.npmjs.org/make-error/-/make-error-1.3.6.tgz"
  integrity sha512-s8UhlNe7vPKomQhC1qFelMokr/Sc3AgNbso3n74mVPA5LTZwkB9NlXf4XPamLxJE8h0gh73rM94xvwRT2CVInw==

memoizee@^0.4.15:
  version "0.4.15"
  resolved "https://registry.npmjs.org/memoizee/-/memoizee-0.4.15.tgz"
  integrity sha512-UBWmJpLZd5STPm7PMUlOw/TSy972M+z8gcyQ5veOnSDRREz/0bmpyTfKt3/51DhEBqCZQn1udM/5flcSPYhkdQ==
  dependencies:
    d "^1.0.1"
    es5-ext "^0.10.53"
    es6-weak-map "^2.0.3"
    event-emitter "^0.3.5"
    is-promise "^2.2.2"
    lru-queue "^0.1.0"
    next-tick "^1.1.0"
    timers-ext "^0.1.7"

methods@^1.1.1:
  version "1.1.2"
  resolved "https://registry.npmjs.org/methods/-/methods-1.1.2.tgz"
  integrity sha1-VSmk1nZUE07cxSZmVoNbD4Ua/O4=

mime-db@1.51.0:
  version "1.51.0"
  resolved "https://registry.npmjs.org/mime-db/-/mime-db-1.51.0.tgz"
  integrity sha512-5y8A56jg7XVQx2mbv1lu49NR4dokRnhZYTtL+KGfaa27uq4pSTXkwQkFJl4pkRMyNFz/EtYDSkiiEHx3F7UN6g==

mime-types@^2.1.12:
  version "2.1.34"
  resolved "https://registry.npmjs.org/mime-types/-/mime-types-2.1.34.tgz"
  integrity sha512-6cP692WwGIs9XXdOO4++N+7qjqv0rqxxVvJ3VHPh/Sc9mVZcQP+ZGhkKiTvWMQRr2tbHkJP/Yn7Y0npb3ZBs4A==
  dependencies:
    mime-db "1.51.0"

mime@^1.4.1:
  version "1.6.0"
  resolved "https://registry.npmjs.org/mime/-/mime-1.6.0.tgz"
  integrity sha512-x0Vn8spI+wuJ1O6S7gnbaQg8Pxh4NNHb7KSINmEWKiPE4RKOplvijn+NkmYmmRgP68mc70j2EbeTFRsrswaQeg==

minimatch@^3.0.4:
  version "3.1.2"
  resolved "https://registry.npmjs.org/minimatch/-/minimatch-3.1.2.tgz"
  integrity sha512-J7p63hRiAjw1NDEww1W7i37+ByIrOWO5XQQAzZ3VOcL0PNybwpfmV/N05zFAzwQ9USyEcX6t3UO+K5aqBQOIHw==
  dependencies:
    brace-expansion "^1.1.7"

ms@^2.1.1:
  version "2.1.3"
  resolved "https://registry.npmjs.org/ms/-/ms-2.1.3.tgz"
  integrity sha512-6FlzubTLZG3J2a/NVCAleEhjzq5oxgHyaCU9yYXvcLsvoVaHJq/s5xXI6/XXP6tz7R9xAOtHnSO/tXtF3WRTlA==

native-promise-only@^0.8.1:
  version "0.8.1"
  resolved "https://registry.npmjs.org/native-promise-only/-/native-promise-only-0.8.1.tgz"
  integrity sha1-IKMYwwy0X3H+et+/eyHJnBRy7xE=

next-tick@1, next-tick@^1.1.0:
  version "1.1.0"
  resolved "https://registry.npmjs.org/next-tick/-/next-tick-1.1.0.tgz"
  integrity sha512-CXdUiJembsNjuToQvxayPZF9Vqht7hewsvy2sOWafLvi2awflj9mOC6bHIg50orX8IJvWKY9wYQ/zB2kogPslQ==

next-tick@~1.0.0:
  version "1.0.0"
  resolved "https://registry.npmjs.org/next-tick/-/next-tick-1.0.0.tgz"
  integrity sha1-yobR/ogoFpsBICCOPchCS524NCw=

object-inspect@^1.9.0:
  version "1.12.0"
  resolved "https://registry.npmjs.org/object-inspect/-/object-inspect-1.12.0.tgz"
  integrity sha512-Ho2z80bVIvJloH+YzRmpZVQe87+qASmBUKZDWgx9cu+KDrX2ZDH/3tMy+gXbZETVGs2M8YdxObOh7XAtim9Y0g==

once@^1.3.0:
  version "1.4.0"
  resolved "https://registry.npmjs.org/once/-/once-1.4.0.tgz"
  integrity sha1-WDsap3WWHUsROsF9nFC6753Xa9E=
  dependencies:
    wrappy "1"

openapi-examples-validator@^4.1.1:
  version "4.6.0"
  resolved "https://registry.npmjs.org/openapi-examples-validator/-/openapi-examples-validator-4.6.0.tgz"
  integrity sha512-3E8VwRrNVk8xGaAbPK3pkdQgsQfsHtp9qZ1rSTgOoQP6S2F339UfldTDFOKNjV9YywGrrS/A1FM4qbslLf2LUQ==
  dependencies:
    ajv "^6.12.6"
    ajv-oai "1.2.1"
    commander "^6.2.1"
    errno "^1.0.0"
    glob "^7.2.0"
    json-pointer "0.6.1"
    json-schema-ref-parser "^9.0.9"
    jsonpath-plus "^6.0.1"
    lodash.clonedeep "^4.5.0"
    lodash.flatmap "^4.5.0"
    lodash.flatten "^4.4.0"
    lodash.merge "^4.6.2"
    yaml "^1.10.2"

path-is-absolute@^1.0.0:
  version "1.0.1"
  resolved "https://registry.npmjs.org/path-is-absolute/-/path-is-absolute-1.0.1.tgz"
  integrity sha1-F0uSaHNVNP+8es5r9TpanhtcX18=

path-loader@^1.0.10:
  version "1.0.10"
  resolved "https://registry.npmjs.org/path-loader/-/path-loader-1.0.10.tgz"
  integrity sha512-CMP0v6S6z8PHeJ6NFVyVJm6WyJjIwFvyz2b0n2/4bKdS/0uZa/9sKUlYZzubrn3zuDRU0zIuEDX9DZYQ2ZI8TA==
  dependencies:
    native-promise-only "^0.8.1"
    superagent "^3.8.3"

process-nextick-args@~2.0.0:
  version "2.0.1"
  resolved "https://registry.npmjs.org/process-nextick-args/-/process-nextick-args-2.0.1.tgz"
  integrity sha512-3ouUOpQhtgrbOa17J7+uxOTpITYWaGP7/AhoR3+A+/1e9skrzelGi/dXzEYyvbxubEF6Wn2ypscTKiKJFFn1ag==

prr@~1.0.1:
  version "1.0.1"
  resolved "https://registry.npmjs.org/prr/-/prr-1.0.1.tgz"
  integrity sha1-0/wRS6BplaRexok/SEzrHXj19HY=

punycode@^2.1.0:
  version "2.1.1"
  resolved "https://registry.npmjs.org/punycode/-/punycode-2.1.1.tgz"
  integrity sha512-XRsRjdf+j5ml+y/6GKHPZbrF/8p2Yga0JPtdqTIY2Xe5ohJPD9saDJJLPvp9+NSBprVvevdXZybnj2cv8OEd0A==

qs@^6.5.1:
  version "6.10.3"
  resolved "https://registry.npmjs.org/qs/-/qs-6.10.3.tgz"
  integrity sha512-wr7M2E0OFRfIfJZjKGieI8lBKb7fRCH4Fv5KNPEs7gJ8jadvotdsS08PzOKR7opXhZ/Xkjtt3WF9g38drmyRqQ==
  dependencies:
    side-channel "^1.0.4"

readable-stream@^2.3.5:
  version "2.3.7"
  resolved "https://registry.npmjs.org/readable-stream/-/readable-stream-2.3.7.tgz"
  integrity sha512-Ebho8K4jIbHAxnuxi7o42OrZgF/ZTNcsZj6nRKyUmkhLFq8CHItp/fy6hQZuZmP/n3yZ9VBUbp4zz/mX8hmYPw==
  dependencies:
    core-util-is "~1.0.0"
    inherits "~2.0.3"
    isarray "~1.0.0"
    process-nextick-args "~2.0.0"
    safe-buffer "~5.1.1"
    string_decoder "~1.1.1"
    util-deprecate "~1.0.1"

safe-buffer@~5.1.0, safe-buffer@~5.1.1:
  version "5.1.2"
  resolved "https://registry.npmjs.org/safe-buffer/-/safe-buffer-5.1.2.tgz"
  integrity sha512-Gd2UZBJDkXlY7GbJxfsE8/nvKkUEU1G38c1siN6QP6a9PT9MmHB8GnpscSmMJSoF8LOIrt8ud/wPtojys4G6+g==

side-channel@^1.0.4:
  version "1.0.4"
  resolved "https://registry.npmjs.org/side-channel/-/side-channel-1.0.4.tgz"
  integrity sha512-q5XPytqFEIKHkGdiMIrY10mvLRvnQh42/+GoBlFW3b2LXLE2xxJpZFdm94we0BaoV3RwJyGqg5wS7epxTv0Zvw==
  dependencies:
    call-bind "^1.0.0"
    get-intrinsic "^1.0.2"
    object-inspect "^1.9.0"

slash@^3.0.0:
  version "3.0.0"
  resolved "https://registry.npmjs.org/slash/-/slash-3.0.0.tgz"
  integrity sha512-g9Q1haeby36OSStwb4ntCGGGaKsaVSjQ68fBxoQcutl5fS1vuY18H3wSt3jFyFtrkx+Kz0V1G85A4MyAdDMi2Q==

sprintf-js@~1.0.2:
  version "1.0.3"
  resolved "https://registry.npmjs.org/sprintf-js/-/sprintf-js-1.0.3.tgz"
  integrity sha1-BOaSb2YolTVPPdAVIDYzuFcpfiw=

string_decoder@~1.1.1:
  version "1.1.1"
  resolved "https://registry.npmjs.org/string_decoder/-/string_decoder-1.1.1.tgz"
  integrity sha512-n/ShnvDi6FHbbVfviro+WojiFzv+s8MPMHBczVePfUpDJLwoLT0ht1l4YwBCbi8pJAveEEdnkHyPyTP/mzRfwg==
  dependencies:
    safe-buffer "~5.1.0"

superagent@^3.8.3:
  version "3.8.3"
  resolved "https://registry.npmjs.org/superagent/-/superagent-3.8.3.tgz"
  integrity sha512-GLQtLMCoEIK4eDv6OGtkOoSMt3D+oq0y3dsxMuYuDvaNUvuT8eFBuLmfR0iYYzHC1e8hpzC6ZsxbuP6DIalMFA==
  dependencies:
    component-emitter "^1.2.0"
    cookiejar "^2.1.0"
    debug "^3.1.0"
    extend "^3.0.0"
    form-data "^2.3.1"
    formidable "^1.2.0"
    methods "^1.1.1"
    mime "^1.4.1"
    qs "^6.5.1"
    readable-stream "^2.3.5"

timers-ext@^0.1.7:
  version "0.1.7"
  resolved "https://registry.npmjs.org/timers-ext/-/timers-ext-0.1.7.tgz"
  integrity sha512-b85NUNzTSdodShTIbky6ZF02e8STtVVfD+fu4aXXShEELpozH+bCpJLYMPZbsABN2wDH7fJpqIoXxJpzbf0NqQ==
  dependencies:
    es5-ext "~0.10.46"
    next-tick "1"

ts-node@^10.6.0:
  version "10.6.0"
  resolved "https://registry.npmjs.org/ts-node/-/ts-node-10.6.0.tgz"
  integrity sha512-CJen6+dfOXolxudBQXnVjRVvYTmTWbyz7cn+xq2XTsvnaXbHqr4gXSCNbS2Jj8yTZMuGwUoBESLaOkLascVVvg==
  dependencies:
    "@cspotcode/source-map-support" "0.7.0"
    "@tsconfig/node10" "^1.0.7"
    "@tsconfig/node12" "^1.0.7"
    "@tsconfig/node14" "^1.0.0"
    "@tsconfig/node16" "^1.0.2"
    acorn "^8.4.1"
    acorn-walk "^8.1.1"
    arg "^4.1.0"
    create-require "^1.1.0"
    diff "^4.0.1"
    make-error "^1.1.1"
    v8-compile-cache-lib "^3.0.0"
    yn "3.1.1"

type@^1.0.1:
  version "1.2.0"
  resolved "https://registry.npmjs.org/type/-/type-1.2.0.tgz"
  integrity sha512-+5nt5AAniqsCnu2cEQQdpzCAh33kVx8n0VoFidKpB1dVVLAN/F+bgVOqOJqOnEnrhp222clB5p3vUlD+1QAnfg==

type@^2.5.0:
  version "2.6.0"
  resolved "https://registry.npmjs.org/type/-/type-2.6.0.tgz"
  integrity sha512-eiDBDOmkih5pMbo9OqsqPRGMljLodLcwd5XD5JbtNB0o89xZAwynY9EdCDsJU7LtcVCClu9DvM7/0Ep1hYX3EQ==

uri-js@^4.2.2:
  version "4.4.1"
  resolved "https://registry.npmjs.org/uri-js/-/uri-js-4.4.1.tgz"
  integrity sha512-7rKUyy33Q1yc98pQ1DAmLtwX109F7TIfWlW1Ydo8Wl1ii1SeHieeh0HHfPeL2fMXK6z0s8ecKs9frCuLJvndBg==
  dependencies:
    punycode "^2.1.0"

util-deprecate@~1.0.1:
  version "1.0.2"
  resolved "https://registry.npmjs.org/util-deprecate/-/util-deprecate-1.0.2.tgz"
  integrity sha1-RQ1Nyfpw3nMnYvvS1KKJgUGaDM8=

v8-compile-cache-lib@^3.0.0:
  version "3.0.0"
  resolved "https://registry.npmjs.org/v8-compile-cache-lib/-/v8-compile-cache-lib-3.0.0.tgz"
  integrity sha512-mpSYqfsFvASnSn5qMiwrr4VKfumbPyONLCOPmsR3A6pTY/r0+tSaVbgPWSAIuzbk3lCTa+FForeTiO+wBQGkjA==

wordwrap@>=0.0.2:
  version "1.0.0"
  resolved "https://registry.npmjs.org/wordwrap/-/wordwrap-1.0.0.tgz"
  integrity sha1-J1hIEIkUVqQXHI0CJkQa3pDLyus=

wrappy@1:
  version "1.0.2"
  resolved "https://registry.npmjs.org/wrappy/-/wrappy-1.0.2.tgz"
  integrity sha1-tSQ9jz7BqjXxNkYFvA0QNuMKtp8=

yaml@^1.10.2:
  version "1.10.2"
  resolved "https://registry.npmjs.org/yaml/-/yaml-1.10.2.tgz"
  integrity sha512-r3vXyErRCYJ7wg28yvBY5VSoAF8ZvlcW9/BwUzEtUsjvX/DKs24dIkuwjtuprwJJHsbyUbLApepYTR1BN4uHrg==

yn@3.1.1:
  version "3.1.1"
  resolved "https://registry.npmjs.org/yn/-/yn-3.1.1.tgz"
  integrity sha512-Ux4ygGWsu2c7isFWe8Yu1YluJmqVhxqK2cLXNQA5AcC3QfbGNpM7fu0Y8b/z16pXLnFxZYvWhd3fhBY9DLmC6Q==
